// !$*UTF8*$!
{
	archiveVersion = 1;
	classes = {
	};
	objectVersion = 50;
	objects = {

/* Begin PBXBuildFile section */
		1D66938E262696BC002A476C /* AppDelegate.swift in Sources */ = {isa = PBXBuildFile; fileRef = 1D66938D262696BC002A476C /* AppDelegate.swift */; };
		1D669390262696BC002A476C /* SceneDelegate.swift in Sources */ = {isa = PBXBuildFile; fileRef = 1D66938F262696BC002A476C /* SceneDelegate.swift */; };
		1D669392262696BC002A476C /* ViewController.swift in Sources */ = {isa = PBXBuildFile; fileRef = 1D669391262696BC002A476C /* ViewController.swift */; };
		1D669395262696BC002A476C /* Main.storyboard in Resources */ = {isa = PBXBuildFile; fileRef = 1D669393262696BC002A476C /* Main.storyboard */; };
		1D669397262696BC002A476C /* Assets.xcassets in Resources */ = {isa = PBXBuildFile; fileRef = 1D669396262696BC002A476C /* Assets.xcassets */; };
		1D66939A262696BC002A476C /* LaunchScreen.storyboard in Resources */ = {isa = PBXBuildFile; fileRef = 1D669398262696BC002A476C /* LaunchScreen.storyboard */; };
		1D6693A5262696BC002A476C /* SelfiegramTests.swift in Sources */ = {isa = PBXBuildFile; fileRef = 1D6693A4262696BC002A476C /* SelfiegramTests.swift */; };
		1D6693B0262696BC002A476C /* SelfiegramUITests.swift in Sources */ = {isa = PBXBuildFile; fileRef = 1D6693AF262696BC002A476C /* SelfiegramUITests.swift */; };
/* End PBXBuildFile section */

/* Begin PBXContainerItemProxy section */
		1D6693A1262696BC002A476C /* PBXContainerItemProxy */ = {
			isa = PBXContainerItemProxy;
			containerPortal = 1D669382262696BC002A476C /* Project object */;
			proxyType = 1;
			remoteGlobalIDString = 1D669389262696BC002A476C;
			remoteInfo = Selfiegram;
		};
		1D6693AC262696BC002A476C /* PBXContainerItemProxy */ = {
			isa = PBXContainerItemProxy;
			containerPortal = 1D669382262696BC002A476C /* Project object */;
			proxyType = 1;
			remoteGlobalIDString = 1D669389262696BC002A476C;
			remoteInfo = Selfiegram;
		};
/* End PBXContainerItemProxy section */

/* Begin PBXFileReference section */
		1D66938A262696BC002A476C /* Selfiegram.app */ = {isa = PBXFileReference; explicitFileType = wrapper.application; includeInIndex = 0; path = Selfiegram.app; sourceTree = BUILT_PRODUCTS_DIR; };
		1D66938D262696BC002A476C /* AppDelegate.swift */ = {isa = PBXFileReference; lastKnownFileType = sourcecode.swift; path = AppDelegate.swift; sourceTree = "<group>"; };
		1D66938F262696BC002A476C /* SceneDelegate.swift */ = {isa = PBXFileReference; lastKnownFileType = sourcecode.swift; path = SceneDelegate.swift; sourceTree = "<group>"; };
		1D669391262696BC002A476C /* ViewController.swift */ = {isa = PBXFileReference; lastKnownFileType = sourcecode.swift; path = ViewController.swift; sourceTree = "<group>"; };
		1D669394262696BC002A476C /* Base */ = {isa = PBXFileReference; lastKnownFileType = file.storyboard; name = Base; path = Base.lproj/Main.storyboard; sourceTree = "<group>"; };
		1D669396262696BC002A476C /* Assets.xcassets */ = {isa = PBXFileReference; lastKnownFileType = folder.assetcatalog; path = Assets.xcassets; sourceTree = "<group>"; };
		1D669399262696BC002A476C /* Base */ = {isa = PBXFileReference; lastKnownFileType = file.storyboard; name = Base; path = Base.lproj/LaunchScreen.storyboard; sourceTree = "<group>"; };
		1D66939B262696BC002A476C /* Info.plist */ = {isa = PBXFileReference; lastKnownFileType = text.plist.xml; path = Info.plist; sourceTree = "<group>"; };
		1D6693A0262696BC002A476C /* SelfiegramTests.xctest */ = {isa = PBXFileReference; explicitFileType = wrapper.cfbundle; includeInIndex = 0; path = SelfiegramTests.xctest; sourceTree = BUILT_PRODUCTS_DIR; };
		1D6693A4262696BC002A476C /* SelfiegramTests.swift */ = {isa = PBXFileReference; lastKnownFileType = sourcecode.swift; path = SelfiegramTests.swift; sourceTree = "<group>"; };
		1D6693A6262696BC002A476C /* Info.plist */ = {isa = PBXFileReference; lastKnownFileType = text.plist.xml; path = Info.plist; sourceTree = "<group>"; };
		1D6693AB262696BC002A476C /* SelfiegramUITests.xctest */ = {isa = PBXFileReference; explicitFileType = wrapper.cfbundle; includeInIndex = 0; path = SelfiegramUITests.xctest; sourceTree = BUILT_PRODUCTS_DIR; };
		1D6693AF262696BC002A476C /* SelfiegramUITests.swift */ = {isa = PBXFileReference; lastKnownFileType = sourcecode.swift; path = SelfiegramUITests.swift; sourceTree = "<group>"; };
		1D6693B1262696BC002A476C /* Info.plist */ = {isa = PBXFileReference; lastKnownFileType = text.plist.xml; path = Info.plist; sourceTree = "<group>"; };
/* End PBXFileReference section */

/* Begin PBXFrameworksBuildPhase section */
		1D669387262696BC002A476C /* Frameworks */ = {
			isa = PBXFrameworksBuildPhase;
			buildActionMask = 2147483647;
			files = (
			);
			runOnlyForDeploymentPostprocessing = 0;
		};
		1D66939D262696BC002A476C /* Frameworks */ = {
			isa = PBXFrameworksBuildPhase;
			buildActionMask = 2147483647;
			files = (
			);
			runOnlyForDeploymentPostprocessing = 0;
		};
		1D6693A8262696BC002A476C /* Frameworks */ = {
			isa = PBXFrameworksBuildPhase;
			buildActionMask = 2147483647;
			files = (
			);
			runOnlyForDeploymentPostprocessing = 0;
		};
/* End PBXFrameworksBuildPhase section */

/* Begin PBXGroup section */
		1D669381262696BC002A476C = {
			isa = PBXGroup;
			children = (
				1D66938C262696BC002A476C /* Selfiegram */,
				1D6693A3262696BC002A476C /* SelfiegramTests */,
				1D6693AE262696BC002A476C /* SelfiegramUITests */,
				1D66938B262696BC002A476C /* Products */,
			);
			sourceTree = "<group>";
		};
		1D66938B262696BC002A476C /* Products */ = {
			isa = PBXGroup;
			children = (
				1D66938A262696BC002A476C /* Selfiegram.app */,
				1D6693A0262696BC002A476C /* SelfiegramTests.xctest */,
				1D6693AB262696BC002A476C /* SelfiegramUITests.xctest */,
			);
			name = Products;
			sourceTree = "<group>";
		};
		1D66938C262696BC002A476C /* Selfiegram */ = {
			isa = PBXGroup;
			children = (
				1D66938D262696BC002A476C /* AppDelegate.swift */,
				1D66938F262696BC002A476C /* SceneDelegate.swift */,
				1D669391262696BC002A476C /* ViewController.swift */,
				1D669393262696BC002A476C /* Main.storyboard */,
				1D669396262696BC002A476C /* Assets.xcassets */,
				1D669398262696BC002A476C /* LaunchScreen.storyboard */,
				1D66939B262696BC002A476C /* Info.plist */,
			);
			path = Selfiegram;
			sourceTree = "<group>";
		};
		1D6693A3262696BC002A476C /* SelfiegramTests */ = {
			isa = PBXGroup;
			children = (
				1D6693A4262696BC002A476C /* SelfiegramTests.swift */,
				1D6693A6262696BC002A476C /* Info.plist */,
			);
			path = SelfiegramTests;
			sourceTree = "<group>";
		};
		1D6693AE262696BC002A476C /* SelfiegramUITests */ = {
			isa = PBXGroup;
			children = (
				1D6693AF262696BC002A476C /* SelfiegramUITests.swift */,
				1D6693B1262696BC002A476C /* Info.plist */,
			);
			path = SelfiegramUITests;
			sourceTree = "<group>";
		};
/* End PBXGroup section */

/* Begin PBXNativeTarget section */
		1D669389262696BC002A476C /* Selfiegram */ = {
			isa = PBXNativeTarget;
			buildConfigurationList = 1D6693B4262696BC002A476C /* Build configuration list for PBXNativeTarget "Selfiegram" */;
			buildPhases = (
				1D669386262696BC002A476C /* Sources */,
				1D669387262696BC002A476C /* Frameworks */,
				1D669388262696BC002A476C /* Resources */,
			);
			buildRules = (
			);
			dependencies = (
			);
			name = Selfiegram;
			productName = Selfiegram;
			productReference = 1D66938A262696BC002A476C /* Selfiegram.app */;
			productType = "com.apple.product-type.application";
		};
		1D66939F262696BC002A476C /* SelfiegramTests */ = {
			isa = PBXNativeTarget;
			buildConfigurationList = 1D6693B7262696BC002A476C /* Build configuration list for PBXNativeTarget "SelfiegramTests" */;
			buildPhases = (
				1D66939C262696BC002A476C /* Sources */,
				1D66939D262696BC002A476C /* Frameworks */,
				1D66939E262696BC002A476C /* Resources */,
			);
			buildRules = (
			);
			dependencies = (
				1D6693A2262696BC002A476C /* PBXTargetDependency */,
			);
			name = SelfiegramTests;
			productName = SelfiegramTests;
			productReference = 1D6693A0262696BC002A476C /* SelfiegramTests.xctest */;
			productType = "com.apple.product-type.bundle.unit-test";
		};
		1D6693AA262696BC002A476C /* SelfiegramUITests */ = {
			isa = PBXNativeTarget;
			buildConfigurationList = 1D6693BA262696BC002A476C /* Build configuration list for PBXNativeTarget "SelfiegramUITests" */;
			buildPhases = (
				1D6693A7262696BC002A476C /* Sources */,
				1D6693A8262696BC002A476C /* Frameworks */,
				1D6693A9262696BC002A476C /* Resources */,
			);
			buildRules = (
			);
			dependencies = (
				1D6693AD262696BC002A476C /* PBXTargetDependency */,
			);
			name = SelfiegramUITests;
			productName = SelfiegramUITests;
			productReference = 1D6693AB262696BC002A476C /* SelfiegramUITests.xctest */;
			productType = "com.apple.product-type.bundle.ui-testing";
		};
/* End PBXNativeTarget section */

/* Begin PBXProject section */
		1D669382262696BC002A476C /* Project object */ = {
			isa = PBXProject;
			attributes = {
				LastSwiftUpdateCheck = 1240;
				LastUpgradeCheck = 1240;
				TargetAttributes = {
					1D669389262696BC002A476C = {
						CreatedOnToolsVersion = 12.4;
					};
					1D66939F262696BC002A476C = {
						CreatedOnToolsVersion = 12.4;
						TestTargetID = 1D669389262696BC002A476C;
					};
					1D6693AA262696BC002A476C = {
						CreatedOnToolsVersion = 12.4;
						TestTargetID = 1D669389262696BC002A476C;
					};
				};
			};
			buildConfigurationList = 1D669385262696BC002A476C /* Build configuration list for PBXProject "Selfiegram" */;
			compatibilityVersion = "Xcode 9.3";
			developmentRegion = en;
			hasScannedForEncodings = 0;
			knownRegions = (
				en,
				Base,
			);
			mainGroup = 1D669381262696BC002A476C;
			productRefGroup = 1D66938B262696BC002A476C /* Products */;
			projectDirPath = "";
			projectRoot = "";
			targets = (
				1D669389262696BC002A476C /* Selfiegram */,
				1D66939F262696BC002A476C /* SelfiegramTests */,
				1D6693AA262696BC002A476C /* SelfiegramUITests */,
			);
		};
/* End PBXProject section */

/* Begin PBXResourcesBuildPhase section */
		1D669388262696BC002A476C /* Resources */ = {
			isa = PBXResourcesBuildPhase;
			buildActionMask = 2147483647;
			files = (
				1D66939A262696BC002A476C /* LaunchScreen.storyboard in Resources */,
				1D669397262696BC002A476C /* Assets.xcassets in Resources */,
				1D669395262696BC002A476C /* Main.storyboard in Resources */,
			);
			runOnlyForDeploymentPostprocessing = 0;
		};
		1D66939E262696BC002A476C /* Resources */ = {
			isa = PBXResourcesBuildPhase;
			buildActionMask = 2147483647;
			files = (
			);
			runOnlyForDeploymentPostprocessing = 0;
		};
		1D6693A9262696BC002A476C /* Resources */ = {
			isa = PBXResourcesBuildPhase;
			buildActionMask = 2147483647;
			files = (
			);
			runOnlyForDeploymentPostprocessing = 0;
		};
/* End PBXResourcesBuildPhase section */

/* Begin PBXSourcesBuildPhase section */
		1D669386262696BC002A476C /* Sources */ = {
			isa = PBXSourcesBuildPhase;
			buildActionMask = 2147483647;
			files = (
				1D669392262696BC002A476C /* ViewController.swift in Sources */,
				1D66938E262696BC002A476C /* AppDelegate.swift in Sources */,
				1D669390262696BC002A476C /* SceneDelegate.swift in Sources */,
			);
			runOnlyForDeploymentPostprocessing = 0;
		};
		1D66939C262696BC002A476C /* Sources */ = {
			isa = PBXSourcesBuildPhase;
			buildActionMask = 2147483647;
			files = (
				1D6693A5262696BC002A476C /* SelfiegramTests.swift in Sources */,
			);
			runOnlyForDeploymentPostprocessing = 0;
		};
		1D6693A7262696BC002A476C /* Sources */ = {
			isa = PBXSourcesBuildPhase;
			buildActionMask = 2147483647;
			files = (
				1D6693B0262696BC002A476C /* SelfiegramUITests.swift in Sources */,
			);
			runOnlyForDeploymentPostprocessing = 0;
		};
/* End PBXSourcesBuildPhase section */

/* Begin PBXTargetDependency section */
		1D6693A2262696BC002A476C /* PBXTargetDependency */ = {
			isa = PBXTargetDependency;
			target = 1D669389262696BC002A476C /* Selfiegram */;
			targetProxy = 1D6693A1262696BC002A476C /* PBXContainerItemProxy */;
		};
		1D6693AD262696BC002A476C /* PBXTargetDependency */ = {
			isa = PBXTargetDependency;
			target = 1D669389262696BC002A476C /* Selfiegram */;
			targetProxy = 1D6693AC262696BC002A476C /* PBXContainerItemProxy */;
		};
/* End PBXTargetDependency section */

/* Begin PBXVariantGroup section */
		1D669393262696BC002A476C /* Main.storyboard */ = {
			isa = PBXVariantGroup;
			children = (
				1D669394262696BC002A476C /* Base */,
			);
			name = Main.storyboard;
			sourceTree = "<group>";
		};
		1D669398262696BC002A476C /* LaunchScreen.storyboard */ = {
			isa = PBXVariantGroup;
			children = (
				1D669399262696BC002A476C /* Base */,
			);
			name = LaunchScreen.storyboard;
			sourceTree = "<group>";
		};
/* End PBXVariantGroup section */

/* Begin XCBuildConfiguration section */
		1D6693B2262696BC002A476C /* Debug */ = {
			isa = XCBuildConfiguration;
			buildSettings = {
				ALWAYS_SEARCH_USER_PATHS = NO;
				CLANG_ANALYZER_NONNULL = YES;
				CLANG_ANALYZER_NUMBER_OBJECT_CONVERSION = YES_AGGRESSIVE;
				CLANG_CXX_LANGUAGE_STANDARD = "gnu++14";
				CLANG_CXX_LIBRARY = "libc++";
				CLANG_ENABLE_MODULES = YES;
				CLANG_ENABLE_OBJC_ARC = YES;
				CLANG_ENABLE_OBJC_WEAK = YES;
				CLANG_WARN_BLOCK_CAPTURE_AUTORELEASING = YES;
				CLANG_WARN_BOOL_CONVERSION = YES;
				CLANG_WARN_COMMA = YES;
				CLANG_WARN_CONSTANT_CONVERSION = YES;
				CLANG_WARN_DEPRECATED_OBJC_IMPLEMENTATIONS = YES;
				CLANG_WARN_DIRECT_OBJC_ISA_USAGE = YES_ERROR;
				CLANG_WARN_DOCUMENTATION_COMMENTS = YES;
				CLANG_WARN_EMPTY_BODY = YES;
				CLANG_WARN_ENUM_CONVERSION = YES;
				CLANG_WARN_INFINITE_RECURSION = YES;
				CLANG_WARN_INT_CONVERSION = YES;
				CLANG_WARN_NON_LITERAL_NULL_CONVERSION = YES;
				CLANG_WARN_OBJC_IMPLICIT_RETAIN_SELF = YES;
				CLANG_WARN_OBJC_LITERAL_CONVERSION = YES;
				CLANG_WARN_OBJC_ROOT_CLASS = YES_ERROR;
				CLANG_WARN_QUOTED_INCLUDE_IN_FRAMEWORK_HEADER = YES;
				CLANG_WARN_RANGE_LOOP_ANALYSIS = YES;
				CLANG_WARN_STRICT_PROTOTYPES = YES;
				CLANG_WARN_SUSPICIOUS_MOVE = YES;
				CLANG_WARN_UNGUARDED_AVAILABILITY = YES_AGGRESSIVE;
				CLANG_WARN_UNREACHABLE_CODE = YES;
				CLANG_WARN__DUPLICATE_METHOD_MATCH = YES;
				COPY_PHASE_STRIP = NO;
				DEBUG_INFORMATION_FORMAT = dwarf;
				ENABLE_STRICT_OBJC_MSGSEND = YES;
				ENABLE_TESTABILITY = YES;
				GCC_C_LANGUAGE_STANDARD = gnu11;
				GCC_DYNAMIC_NO_PIC = NO;
				GCC_NO_COMMON_BLOCKS = YES;
				GCC_OPTIMIZATION_LEVEL = 0;
				GCC_PREPROCESSOR_DEFINITIONS = (
					"DEBUG=1",
					"$(inherited)",
				);
				GCC_WARN_64_TO_32_BIT_CONVERSION = YES;
				GCC_WARN_ABOUT_RETURN_TYPE = YES_ERROR;
				GCC_WARN_UNDECLARED_SELECTOR = YES;
				GCC_WARN_UNINITIALIZED_AUTOS = YES_AGGRESSIVE;
				GCC_WARN_UNUSED_FUNCTION = YES;
				GCC_WARN_UNUSED_VARIABLE = YES;
				IPHONEOS_DEPLOYMENT_TARGET = 14.4;
				MTL_ENABLE_DEBUG_INFO = INCLUDE_SOURCE;
				MTL_FAST_MATH = YES;
				ONLY_ACTIVE_ARCH = YES;
				SDKROOT = iphoneos;
				SWIFT_ACTIVE_COMPILATION_CONDITIONS = DEBUG;
				SWIFT_OPTIMIZATION_LEVEL = "-Onone";
			};
			name = Debug;
		};
		1D6693B3262696BC002A476C /* Release */ = {
			isa = XCBuildConfiguration;
			buildSettings = {
				ALWAYS_SEARCH_USER_PATHS = NO;
				CLANG_ANALYZER_NONNULL = YES;
				CLANG_ANALYZER_NUMBER_OBJECT_CONVERSION = YES_AGGRESSIVE;
				CLANG_CXX_LANGUAGE_STANDARD = "gnu++14";
				CLANG_CXX_LIBRARY = "libc++";
				CLANG_ENABLE_MODULES = YES;
				CLANG_ENABLE_OBJC_ARC = YES;
				CLANG_ENABLE_OBJC_WEAK = YES;
				CLANG_WARN_BLOCK_CAPTURE_AUTORELEASING = YES;
				CLANG_WARN_BOOL_CONVERSION = YES;
				CLANG_WARN_COMMA = YES;
				CLANG_WARN_CONSTANT_CONVERSION = YES;
				CLANG_WARN_DEPRECATED_OBJC_IMPLEMENTATIONS = YES;
				CLANG_WARN_DIRECT_OBJC_ISA_USAGE = YES_ERROR;
				CLANG_WARN_DOCUMENTATION_COMMENTS = YES;
				CLANG_WARN_EMPTY_BODY = YES;
				CLANG_WARN_ENUM_CONVERSION = YES;
				CLANG_WARN_INFINITE_RECURSION = YES;
				CLANG_WARN_INT_CONVERSION = YES;
				CLANG_WARN_NON_LITERAL_NULL_CONVERSION = YES;
				CLANG_WARN_OBJC_IMPLICIT_RETAIN_SELF = YES;
				CLANG_WARN_OBJC_LITERAL_CONVERSION = YES;
				CLANG_WARN_OBJC_ROOT_CLASS = YES_ERROR;
				CLANG_WARN_QUOTED_INCLUDE_IN_FRAMEWORK_HEADER = YES;
				CLANG_WARN_RANGE_LOOP_ANALYSIS = YES;
				CLANG_WARN_STRICT_PROTOTYPES = YES;
				CLANG_WARN_SUSPICIOUS_MOVE = YES;
				CLANG_WARN_UNGUARDED_AVAILABILITY = YES_AGGRESSIVE;
				CLANG_WARN_UNREACHABLE_CODE = YES;
				CLANG_WARN__DUPLICATE_METHOD_MATCH = YES;
				COPY_PHASE_STRIP = NO;
				DEBUG_INFORMATION_FORMAT = "dwarf-with-dsym";
				ENABLE_NS_ASSERTIONS = NO;
				ENABLE_STRICT_OBJC_MSGSEND = YES;
				GCC_C_LANGUAGE_STANDARD = gnu11;
				GCC_NO_COMMON_BLOCKS = YES;
				GCC_WARN_64_TO_32_BIT_CONVERSION = YES;
				GCC_WARN_ABOUT_RETURN_TYPE = YES_ERROR;
				GCC_WARN_UNDECLARED_SELECTOR = YES;
				GCC_WARN_UNINITIALIZED_AUTOS = YES_AGGRESSIVE;
				GCC_WARN_UNUSED_FUNCTION = YES;
				GCC_WARN_UNUSED_VARIABLE = YES;
				IPHONEOS_DEPLOYMENT_TARGET = 14.4;
				MTL_ENABLE_DEBUG_INFO = NO;
				MTL_FAST_MATH = YES;
				SDKROOT = iphoneos;
				SWIFT_COMPILATION_MODE = wholemodule;
				SWIFT_OPTIMIZATION_LEVEL = "-O";
				VALIDATE_PRODUCT = YES;
			};
			name = Release;
		};
		1D6693B5262696BC002A476C /* Debug */ = {
			isa = XCBuildConfiguration;
			buildSettings = {
				ASSETCATALOG_COMPILER_APPICON_NAME = AppIcon;
				ASSETCATALOG_COMPILER_GLOBAL_ACCENT_COLOR_NAME = AccentColor;
				CODE_SIGN_STYLE = Automatic;
				DEVELOPMENT_TEAM = B7SKDQHC9C;
				INFOPLIST_FILE = Selfiegram/Info.plist;
				LD_RUNPATH_SEARCH_PATHS = (
					"$(inherited)",
					"@executable_path/Frameworks",
				);
				PRODUCT_BUNDLE_IDENTIFIER = creecer.Selfiegram;
				PRODUCT_NAME = "$(TARGET_NAME)";
				SWIFT_VERSION = 5.0;
				TARGETED_DEVICE_FAMILY = "1,2";
			};
			name = Debug;
		};
		1D6693B6262696BC002A476C /* Release */ = {
			isa = XCBuildConfiguration;
			buildSettings = {
				ASSETCATALOG_COMPILER_APPICON_NAME = AppIcon;
				ASSETCATALOG_COMPILER_GLOBAL_ACCENT_COLOR_NAME = AccentColor;
				CODE_SIGN_STYLE = Automatic;
				DEVELOPMENT_TEAM = B7SKDQHC9C;
				INFOPLIST_FILE = Selfiegram/Info.plist;
				LD_RUNPATH_SEARCH_PATHS = (
					"$(inherited)",
					"@executable_path/Frameworks",
				);
				PRODUCT_BUNDLE_IDENTIFIER = creecer.Selfiegram;
				PRODUCT_NAME = "$(TARGET_NAME)";
				SWIFT_VERSION = 5.0;
				TARGETED_DEVICE_FAMILY = "1,2";
			};
			name = Release;
		};
		1D6693B8262696BC002A476C /* Debug */ = {
			isa = XCBuildConfiguration;
			buildSettings = {
				ALWAYS_EMBED_SWIFT_STANDARD_LIBRARIES = YES;
				BUNDLE_LOADER = "$(TEST_HOST)";
				CODE_SIGN_STYLE = Automatic;
				DEVELOPMENT_TEAM = B7SKDQHC9C;
				INFOPLIST_FILE = SelfiegramTests/Info.plist;
				IPHONEOS_DEPLOYMENT_TARGET = 14.4;
				LD_RUNPATH_SEARCH_PATHS = (
					"$(inherited)",
					"@executable_path/Frameworks",
					"@loader_path/Frameworks",
				);
				PRODUCT_BUNDLE_IDENTIFIER = creecer.SelfiegramTests;
				PRODUCT_NAME = "$(TARGET_NAME)";
				SWIFT_VERSION = 5.0;
				TARGETED_DEVICE_FAMILY = "1,2";
				TEST_HOST = "$(BUILT_PRODUCTS_DIR)/Selfiegram.app/Selfiegram";
			};
			name = Debug;
		};
		1D6693B9262696BC002A476C /* Release */ = {
			isa = XCBuildConfiguration;
			buildSettings = {
				ALWAYS_EMBED_SWIFT_STANDARD_LIBRARIES = YES;
				BUNDLE_LOADER = "$(TEST_HOST)";
				CODE_SIGN_STYLE = Automatic;
				DEVELOPMENT_TEAM = B7SKDQHC9C;
				INFOPLIST_FILE = SelfiegramTests/Info.plist;
				IPHONEOS_DEPLOYMENT_TARGET = 14.4;
				LD_RUNPATH_SEARCH_PATHS = (
					"$(inherited)",
					"@executable_path/Frameworks",
					"@loader_path/Frameworks",
				);
				PRODUCT_BUNDLE_IDENTIFIER = creecer.SelfiegramTests;
				PRODUCT_NAME = "$(TARGET_NAME)";
				SWIFT_VERSION = 5.0;
				TARGETED_DEVICE_FAMILY = "1,2";
				TEST_HOST = "$(BUILT_PRODUCTS_DIR)/Selfiegram.app/Selfiegram";
			};
			name = Release;
		};
		1D6693BB262696BC002A476C /* Debug */ = {
			isa = XCBuildConfiguration;
			buildSettings = {
				ALWAYS_EMBED_SWIFT_STANDARD_LIBRARIES = YES;
				CODE_SIGN_STYLE = Automatic;
				DEVELOPMENT_TEAM = B7SKDQHC9C;
				INFOPLIST_FILE = SelfiegramUITests/Info.plist;
				LD_RUNPATH_SEARCH_PATHS = (
					"$(inherited)",
					"@executable_path/Frameworks",
					"@loader_path/Frameworks",
				);
				PRODUCT_BUNDLE_IDENTIFIER = creecer.SelfiegramUITests;
				PRODUCT_NAME = "$(TARGET_NAME)";
				SWIFT_VERSION = 5.0;
				TARGETED_DEVICE_FAMILY = "1,2";
				TEST_TARGET_NAME = Selfiegram;
			};
			name = Debug;
		};
		1D6693BC262696BC002A476C /* Release */ = {
			isa = XCBuildConfiguration;
			buildSettings = {
				ALWAYS_EMBED_SWIFT_STANDARD_LIBRARIES = YES;
				CODE_SIGN_STYLE = Automatic;
				DEVELOPMENT_TEAM = B7SKDQHC9C;
				INFOPLIST_FILE = SelfiegramUITests/Info.plist;
				LD_RUNPATH_SEARCH_PATHS = (
					"$(inherited)",
					"@executable_path/Frameworks",
					"@loader_path/Frameworks",
				);
				PRODUCT_BUNDLE_IDENTIFIER = creecer.SelfiegramUITests;
				PRODUCT_NAME = "$(TARGET_NAME)";
				SWIFT_VERSION = 5.0;
				TARGETED_DEVICE_FAMILY = "1,2";
				TEST_TARGET_NAME = Selfiegram;
			};
			name = Release;
		};
/* End XCBuildConfiguration section */

/* Begin XCConfigurationList section */
		1D669385262696BC002A476C /* Build configuration list for PBXProject "Selfiegram" */ = {
			isa = XCConfigurationList;
			buildConfigurations = (
				1D6693B2262696BC002A476C /* Debug */,
				1D6693B3262696BC002A476C /* Release */,
			);
			defaultConfigurationIsVisible = 0;
			defaultConfigurationName = Release;
		};
		1D6693B4262696BC002A476C /* Build configuration list for PBXNativeTarget "Selfiegram" */ = {
			isa = XCConfigurationList;
			buildConfigurations = (
				1D6693B5262696BC002A476C /* Debug */,
				1D6693B6262696BC002A476C /* Release */,
			);
			defaultConfigurationIsVisible = 0;
			defaultConfigurationName = Release;
		};
		1D6693B7262696BC002A476C /* Build configuration list for PBXNativeTarget "SelfiegramTests" */ = {
			isa = XCConfigurationList;
			buildConfigurations = (
				1D6693B8262696BC002A476C /* Debug */,
				1D6693B9262696BC002A476C /* Release */,
			);
			defaultConfigurationIsVisible = 0;
			defaultConfigurationName = Release;
		};
		1D6693BA262696BC002A476C /* Build configuration list for PBXNativeTarget "SelfiegramUITests" */ = {
			isa = XCConfigurationList;
			buildConfigurations = (
				1D6693BB262696BC002A476C /* Debug */,
				1D6693BC262696BC002A476C /* Release */,
			);
			defaultConfigurationIsVisible = 0;
			defaultConfigurationName = Release;
		};
/* End XCConfigurationList section */
	};
	rootObject = 1D669382262696BC002A476C /* Project object */;
}
